{
  "lockfileVersion": 1,
  "workspaces": {
    "": {
      "name": "react-counter-app",
      "dependencies": {
        "react": "^18.2.0",
        "react-dom": "^18.2.0",
      },
      "devDependencies": {
        "@babel/cli": "^7.23.0",
        "@babel/core": "^7.23.0",
        "@babel/preset-react": "^7.22.0",
      },
    },
  },
  "packages": {
    "@babel/cli": ["@babel/cli@7.28.3", "", { "dependencies": { "@jridgewell/trace-mapping": "^0.3.28", "commander": "^6.2.0", "convert-source-map": "^2.0.0", "fs-readdir-recursive": "^1.1.0", "glob": "^7.2.0", "make-dir": "^2.1.0", "slash": "^2.0.0" }, "optionalDependencies": { "@nicolo-ribaudo/chokidar-2": "2.1.8-no-fsevents.3", "chokidar": "^3.6.0" }, "peerDependencies": { "@babel/core": "^7.0.0-0" }, "bin": { "babel": "./bin/babel.js", "babel-external-helpers": "./bin/babel-external-helpers.js" } }, "sha512-n1RU5vuCX0CsaqaXm9I0KUCNKNQMy5epmzl/xdSSm70bSqhg9GWhgeosypyQLc0bK24+Xpk1WGzZlI9pJtkZdg=="],

    "@babel/code-frame": ["@babel/code-frame@7.27.1", "", { "dependencies": { "@babel/helper-validator-identifier": "^7.27.1", "js-tokens": "^4.0.0", "picocolors": "^1.1.1" } }, "sha512-cjQ7ZlQ0Mv3b47hABuTevyTuYN4i+loJKGeV9flcCgIK37cCXRh+L1bd3iBHlynerhQ7BhCkn2BPbQUL+rGqFg=="],

    "@babel/compat-data": ["@babel/compat-data@7.28.4", "", {}, "sha512-YsmSKC29MJwf0gF8Rjjrg5LQCmyh+j/nD8/eP7f+BeoQTKYqs9RoWbjGOdy0+1Ekr68RJZMUOPVQaQisnIo4Rw=="],

    "@babel/core": ["@babel/core@7.28.4", "", { "dependencies": { "@babel/code-frame": "^7.27.1", "@babel/generator": "^7.28.3", "@babel/helper-compilation-targets": "^7.27.2", "@babel/helper-module-transforms": "^7.28.3", "@babel/helpers": "^7.28.4", "@babel/parser": "^7.28.4", "@babel/template": "^7.27.2", "@babel/traverse": "^7.28.4", "@babel/types": "^7.28.4", "@jridgewell/remapping": "^2.3.5", "convert-source-map": "^2.0.0", "debug": "^4.1.0", "gensync": "^1.0.0-beta.2", "json5": "^2.2.3", "semver": "^6.3.1" } }, "sha512-2BCOP7TN8M+gVDj7/ht3hsaO/B/n5oDbiAyyvnRlNOs+u1o+JWNYTQrmpuNp1/Wq2gcFrI01JAW+paEKDMx/CA=="],

    "react": ["react@18.3.1", "", { "dependencies": { "loose-envify": "^1.1.0" } }, "sha512-wS+hAgJShR0KhEvPJArfuPVN1+Hz1t0Y6n5jLrGQbkb4urgPE/0Rve+1kMB1v/oWgHgm4WIcV+i7F2pTVj+2iQ=="],

    "react-dom": ["react-dom@18.3.1", "", { "dependencies": { "loose-envify": "^1.1.0", "scheduler": "^0.23.2" }, "peerDependencies": { "react": "^18.3.1" } }, "sha512-5m4nQKp+rZRb09LNH59GM4BxTh9251/ylbKIbpe7TpGxfJ+9kv6BLkLBXIjjspbgbnIBNqlI23tRnTWT0snUIw=="]
  }
}